// !$*UTF8*$!
{
	archiveVersion = 1;
	classes = {
	};
	objectVersion = 56;
	objects = {

/* Begin PBXBuildFile section */
		6F0A6CB72A27652400AFAFB8 /* KeyboardObserver in Frameworks */ = {isa = PBXBuildFile; productRef = 6F0A6CB62A27652400AFAFB8 /* KeyboardObserver */; };
		6FA954A52A22E68800E11275 /* AppDelegate.swift in Sources */ = {isa = PBXBuildFile; fileRef = 6FA954A42A22E68800E11275 /* AppDelegate.swift */; };
		6FA954A72A22E68800E11275 /* SceneDelegate.swift in Sources */ = {isa = PBXBuildFile; fileRef = 6FA954A62A22E68800E11275 /* SceneDelegate.swift */; };
		6FA954A92A22E68800E11275 /* HomeViewController.swift in Sources */ = {isa = PBXBuildFile; fileRef = 6FA954A82A22E68800E11275 /* HomeViewController.swift */; };
		6FA954AC2A22E68800E11275 /* Main.storyboard in Resources */ = {isa = PBXBuildFile; fileRef = 6FA954AA2A22E68800E11275 /* Main.storyboard */; };
		6FA954AE2A22E68800E11275 /* Assets.xcassets in Resources */ = {isa = PBXBuildFile; fileRef = 6FA954AD2A22E68800E11275 /* Assets.xcassets */; };
		6FA954B12A22E68800E11275 /* LaunchScreen.storyboard in Resources */ = {isa = PBXBuildFile; fileRef = 6FA954AF2A22E68800E11275 /* LaunchScreen.storyboard */; };
		6FA954DA2A24797B00E11275 /* UIEdgeInsets+Extension.swift in Sources */ = {isa = PBXBuildFile; fileRef = 6FA954D92A24797B00E11275 /* UIEdgeInsets+Extension.swift */; };
		6FB0F9A22A24B43500CDD3BA /* ApplicationConstants.swift in Sources */ = {isa = PBXBuildFile; fileRef = 6FB0F9A12A24B43500CDD3BA /* ApplicationConstants.swift */; };
		6FB0F9AD2A24C12000CDD3BA /* DictionaryAPI in Frameworks */ = {isa = PBXBuildFile; productRef = 6FB0F9AC2A24C12000CDD3BA /* DictionaryAPI */; };
		6FB0F9AF2A24C12400CDD3BA /* FilterSelector in Frameworks */ = {isa = PBXBuildFile; productRef = 6FB0F9AE2A24C12400CDD3BA /* FilterSelector */; };
		6FB0F9B12A24C12800CDD3BA /* GridLayout in Frameworks */ = {isa = PBXBuildFile; productRef = 6FB0F9B02A24C12800CDD3BA /* GridLayout */; };
		6FB0F9B32A24C85E00CDD3BA /* HomeViewModel.swift in Sources */ = {isa = PBXBuildFile; fileRef = 6FB0F9B22A24C85E00CDD3BA /* HomeViewModel.swift */; };
		6FB0F9B62A24CA1400CDD3BA /* AppCoordinator.swift in Sources */ = {isa = PBXBuildFile; fileRef = 6FB0F9B52A24CA1400CDD3BA /* AppCoordinator.swift */; };
		6FB0F9B82A24CA3900CDD3BA /* CoordinatorProtocol.swift in Sources */ = {isa = PBXBuildFile; fileRef = 6FB0F9B72A24CA3900CDD3BA /* CoordinatorProtocol.swift */; };
		6FB0F9BA2A24CC2C00CDD3BA /* HomeCoordinator.swift in Sources */ = {isa = PBXBuildFile; fileRef = 6FB0F9B92A24CC2C00CDD3BA /* HomeCoordinator.swift */; };
		6FB0F9BE2A24CCF300CDD3BA /* WordDetailViewController.swift in Sources */ = {isa = PBXBuildFile; fileRef = 6FB0F9BD2A24CCF300CDD3BA /* WordDetailViewController.swift */; };
		6FB0F9C02A24CCFD00CDD3BA /* WordDetailViewModel.swift in Sources */ = {isa = PBXBuildFile; fileRef = 6FB0F9BF2A24CCFD00CDD3BA /* WordDetailViewModel.swift */; };
		6FB0F9C72A24F15700CDD3BA /* UIColor+Extension.swift in Sources */ = {isa = PBXBuildFile; fileRef = 6FB0F9C62A24F15700CDD3BA /* UIColor+Extension.swift */; };
		6FB0F9CA2A25500300CDD3BA /* RecentSearchCell.swift in Sources */ = {isa = PBXBuildFile; fileRef = 6FB0F9C92A25500300CDD3BA /* RecentSearchCell.swift */; };
		6FB0F9CC2A25563800CDD3BA /* RecentSearchCellModel.swift in Sources */ = {isa = PBXBuildFile; fileRef = 6FB0F9CB2A25563800CDD3BA /* RecentSearchCellModel.swift */; };
		6FB0F9D72A25E4F800CDD3BA /* RecentSearchCoreModel.xcdatamodeld in Sources */ = {isa = PBXBuildFile; fileRef = 6FB0F9D52A25E4F800CDD3BA /* RecentSearchCoreModel.xcdatamodeld */; };
		6FB0F9E42A25F14600CDD3BA /* RecentSearch+CoreDataClass.swift in Sources */ = {isa = PBXBuildFile; fileRef = 6FB0F9E22A25F14600CDD3BA /* RecentSearch+CoreDataClass.swift */; };
/* End PBXBuildFile section */

/* Begin PBXFileReference section */
		6F0A6CBB2A2772B000AFAFB8 /* KeyboardObserver */ = {isa = PBXFileReference; lastKnownFileType = wrapper; name = KeyboardObserver; path = ../KeyboardObserver; sourceTree = "<group>"; };
		6FA954A12A22E68800E11275 /* DictionaryApp.app */ = {isa = PBXFileReference; explicitFileType = wrapper.application; includeInIndex = 0; path = DictionaryApp.app; sourceTree = BUILT_PRODUCTS_DIR; };
		6FA954A42A22E68800E11275 /* AppDelegate.swift */ = {isa = PBXFileReference; lastKnownFileType = sourcecode.swift; path = AppDelegate.swift; sourceTree = "<group>"; };
		6FA954A62A22E68800E11275 /* SceneDelegate.swift */ = {isa = PBXFileReference; lastKnownFileType = sourcecode.swift; path = SceneDelegate.swift; sourceTree = "<group>"; };
		6FA954A82A22E68800E11275 /* HomeViewController.swift */ = {isa = PBXFileReference; lastKnownFileType = sourcecode.swift; path = HomeViewController.swift; sourceTree = "<group>"; };
		6FA954AB2A22E68800E11275 /* Base */ = {isa = PBXFileReference; lastKnownFileType = file.storyboard; name = Base; path = Base.lproj/Main.storyboard; sourceTree = "<group>"; };
		6FA954AD2A22E68800E11275 /* Assets.xcassets */ = {isa = PBXFileReference; lastKnownFileType = folder.assetcatalog; path = Assets.xcassets; sourceTree = "<group>"; };
		6FA954B02A22E68800E11275 /* Base */ = {isa = PBXFileReference; lastKnownFileType = file.storyboard; name = Base; path = Base.lproj/LaunchScreen.storyboard; sourceTree = "<group>"; };
		6FA954B22A22E68800E11275 /* Info.plist */ = {isa = PBXFileReference; lastKnownFileType = text.plist.xml; path = Info.plist; sourceTree = "<group>"; };
		6FA954D92A24797B00E11275 /* UIEdgeInsets+Extension.swift */ = {isa = PBXFileReference; fileEncoding = 4; lastKnownFileType = sourcecode.swift; path = "UIEdgeInsets+Extension.swift"; sourceTree = "<group>"; };
		6FB0F9A12A24B43500CDD3BA /* ApplicationConstants.swift */ = {isa = PBXFileReference; lastKnownFileType = sourcecode.swift; path = ApplicationConstants.swift; sourceTree = "<group>"; };
		6FB0F9A82A24C0DF00CDD3BA /* GridLayout */ = {isa = PBXFileReference; lastKnownFileType = wrapper; name = GridLayout; path = ../GridLayout; sourceTree = "<group>"; };
		6FB0F9A92A24C0E900CDD3BA /* NetworkDataAPI */ = {isa = PBXFileReference; lastKnownFileType = wrapper; name = NetworkDataAPI; path = ../NetworkDataAPI; sourceTree = "<group>"; };
		6FB0F9AA2A24C0F100CDD3BA /* FilterSelector */ = {isa = PBXFileReference; lastKnownFileType = wrapper; name = FilterSelector; path = ../FilterSelector; sourceTree = "<group>"; };
		6FB0F9AB2A24C0FA00CDD3BA /* DictionaryAPI */ = {isa = PBXFileReference; lastKnownFileType = wrapper; name = DictionaryAPI; path = ../DictionaryAPI; sourceTree = "<group>"; };
		6FB0F9B22A24C85E00CDD3BA /* HomeViewModel.swift */ = {isa = PBXFileReference; lastKnownFileType = sourcecode.swift; path = HomeViewModel.swift; sourceTree = "<group>"; };
		6FB0F9B52A24CA1400CDD3BA /* AppCoordinator.swift */ = {isa = PBXFileReference; lastKnownFileType = sourcecode.swift; path = AppCoordinator.swift; sourceTree = "<group>"; };
		6FB0F9B72A24CA3900CDD3BA /* CoordinatorProtocol.swift */ = {isa = PBXFileReference; lastKnownFileType = sourcecode.swift; path = CoordinatorProtocol.swift; sourceTree = "<group>"; };
		6FB0F9B92A24CC2C00CDD3BA /* HomeCoordinator.swift */ = {isa = PBXFileReference; lastKnownFileType = sourcecode.swift; path = HomeCoordinator.swift; sourceTree = "<group>"; };
		6FB0F9BD2A24CCF300CDD3BA /* WordDetailViewController.swift */ = {isa = PBXFileReference; lastKnownFileType = sourcecode.swift; path = WordDetailViewController.swift; sourceTree = "<group>"; };
		6FB0F9BF2A24CCFD00CDD3BA /* WordDetailViewModel.swift */ = {isa = PBXFileReference; lastKnownFileType = sourcecode.swift; path = WordDetailViewModel.swift; sourceTree = "<group>"; };
		6FB0F9C62A24F15700CDD3BA /* UIColor+Extension.swift */ = {isa = PBXFileReference; lastKnownFileType = sourcecode.swift; path = "UIColor+Extension.swift"; sourceTree = "<group>"; };
		6FB0F9C92A25500300CDD3BA /* RecentSearchCell.swift */ = {isa = PBXFileReference; lastKnownFileType = sourcecode.swift; path = RecentSearchCell.swift; sourceTree = "<group>"; };
		6FB0F9CB2A25563800CDD3BA /* RecentSearchCellModel.swift */ = {isa = PBXFileReference; lastKnownFileType = sourcecode.swift; path = RecentSearchCellModel.swift; sourceTree = "<group>"; };
		6FB0F9D32A25E48E00CDD3BA /* CoreData.framework */ = {isa = PBXFileReference; lastKnownFileType = wrapper.framework; name = CoreData.framework; path = System/Library/Frameworks/CoreData.framework; sourceTree = SDKROOT; };
		6FB0F9D62A25E4F800CDD3BA /* RecentSearchCoreModel.xcdatamodel */ = {isa = PBXFileReference; lastKnownFileType = wrapper.xcdatamodel; path = RecentSearchCoreModel.xcdatamodel; sourceTree = "<group>"; };
		6FB0F9E22A25F14600CDD3BA /* RecentSearch+CoreDataClass.swift */ = {isa = PBXFileReference; lastKnownFileType = sourcecode.swift; path = "RecentSearch+CoreDataClass.swift"; sourceTree = SOURCE_ROOT; };
/* End PBXFileReference section */

/* Begin PBXFrameworksBuildPhase section */
		6FA9549E2A22E68800E11275 /* Frameworks */ = {
			isa = PBXFrameworksBuildPhase;
			buildActionMask = 2147483647;
			files = (
				6FB0F9AD2A24C12000CDD3BA /* DictionaryAPI in Frameworks */,
				6F0A6CB72A27652400AFAFB8 /* KeyboardObserver in Frameworks */,
				6FB0F9B12A24C12800CDD3BA /* GridLayout in Frameworks */,
				6FB0F9AF2A24C12400CDD3BA /* FilterSelector in Frameworks */,
			);
			runOnlyForDeploymentPostprocessing = 0;
		};
/* End PBXFrameworksBuildPhase section */

/* Begin PBXGroup section */
		6FA954982A22E68800E11275 = {
			isa = PBXGroup;
			children = (
				6FA954BB2A22E7D000E11275 /* Packages */,
				6FA954A32A22E68800E11275 /* DictionaryApp */,
				6FA954A22A22E68800E11275 /* Products */,
				6FA954BE2A22E81100E11275 /* Frameworks */,
			);
			sourceTree = "<group>";
		};
		6FA954A22A22E68800E11275 /* Products */ = {
			isa = PBXGroup;
			children = (
				6FA954A12A22E68800E11275 /* DictionaryApp.app */,
			);
			name = Products;
			sourceTree = "<group>";
		};
		6FA954A32A22E68800E11275 /* DictionaryApp */ = {
			isa = PBXGroup;
			children = (
				6FA954C32A22EA4B00E11275 /* Application */,
				6FA954CC2A22F2B000E11275 /* Extensions */,
				6FB0F9CD2A25571B00CDD3BA /* Coordinators */,
				6FA954C42A22EA6200E11275 /* Views */,
				6FB0F9D82A25EBE100CDD3BA /* Models */,
				6FB0F9CE2A25577A00CDD3BA /* Cells */,
				6FA954B22A22E68800E11275 /* Info.plist */,
			);
			path = DictionaryApp;
			sourceTree = "<group>";
		};
		6FA954BB2A22E7D000E11275 /* Packages */ = {
			isa = PBXGroup;
			children = (
				6FB0F9A82A24C0DF00CDD3BA /* GridLayout */,
				6FB0F9A92A24C0E900CDD3BA /* NetworkDataAPI */,
				6FB0F9AA2A24C0F100CDD3BA /* FilterSelector */,
				6FB0F9AB2A24C0FA00CDD3BA /* DictionaryAPI */,
				6F0A6CBB2A2772B000AFAFB8 /* KeyboardObserver */,
			);
			name = Packages;
			sourceTree = "<group>";
		};
		6FA954BE2A22E81100E11275 /* Frameworks */ = {
			isa = PBXGroup;
			children = (
				6FB0F9D32A25E48E00CDD3BA /* CoreData.framework */,
			);
			name = Frameworks;
			sourceTree = "<group>";
		};
		6FA954C32A22EA4B00E11275 /* Application */ = {
			isa = PBXGroup;
			children = (
				6FB0F9A32A24B96100CDD3BA /* Constants */,
				6FA954AD2A22E68800E11275 /* Assets.xcassets */,
				6FA954A42A22E68800E11275 /* AppDelegate.swift */,
				6FA954A62A22E68800E11275 /* SceneDelegate.swift */,
				6FA954AF2A22E68800E11275 /* LaunchScreen.storyboard */,
			);
			path = Application;
			sourceTree = "<group>";
		};
		6FA954C42A22EA6200E11275 /* Views */ = {
			isa = PBXGroup;
			children = (
				6FB0F9BC2A24CCDD00CDD3BA /* WordDetail */,
				6FA954C52A22EA6C00E11275 /* Home */,
			);
			path = Views;
			sourceTree = "<group>";
		};
		6FA954C52A22EA6C00E11275 /* Home */ = {
			isa = PBXGroup;
			children = (
				6FA954AA2A22E68800E11275 /* Main.storyboard */,
				6FA954A82A22E68800E11275 /* HomeViewController.swift */,
				6FB0F9B22A24C85E00CDD3BA /* HomeViewModel.swift */,
			);
			path = Home;
			sourceTree = "<group>";
		};
		6FA954CC2A22F2B000E11275 /* Extensions */ = {
			isa = PBXGroup;
			children = (
				6FA954D92A24797B00E11275 /* UIEdgeInsets+Extension.swift */,
				6FB0F9C62A24F15700CDD3BA /* UIColor+Extension.swift */,
			);
			path = Extensions;
			sourceTree = "<group>";
		};
		6FB0F9A32A24B96100CDD3BA /* Constants */ = {
			isa = PBXGroup;
			children = (
				6FB0F9A12A24B43500CDD3BA /* ApplicationConstants.swift */,
			);
			path = Constants;
			sourceTree = "<group>";
		};
		6FB0F9BC2A24CCDD00CDD3BA /* WordDetail */ = {
			isa = PBXGroup;
			children = (
				6FB0F9BD2A24CCF300CDD3BA /* WordDetailViewController.swift */,
				6FB0F9BF2A24CCFD00CDD3BA /* WordDetailViewModel.swift */,
			);
			path = WordDetail;
			sourceTree = "<group>";
		};
		6FB0F9CD2A25571B00CDD3BA /* Coordinators */ = {
			isa = PBXGroup;
			children = (
				6FB0F9B72A24CA3900CDD3BA /* CoordinatorProtocol.swift */,
				6FB0F9B52A24CA1400CDD3BA /* AppCoordinator.swift */,
				6FB0F9B92A24CC2C00CDD3BA /* HomeCoordinator.swift */,
			);
			path = Coordinators;
			sourceTree = "<group>";
		};
		6FB0F9CE2A25577A00CDD3BA /* Cells */ = {
			isa = PBXGroup;
			children = (
				6FB0F9C92A25500300CDD3BA /* RecentSearchCell.swift */,
			);
			path = Cells;
			sourceTree = "<group>";
		};
		6FB0F9D82A25EBE100CDD3BA /* Models */ = {
			isa = PBXGroup;
			children = (
				6FB0F9D52A25E4F800CDD3BA /* RecentSearchCoreModel.xcdatamodeld */,
				6FB0F9E22A25F14600CDD3BA /* RecentSearch+CoreDataClass.swift */,
				6FB0F9CB2A25563800CDD3BA /* RecentSearchCellModel.swift */,
			);
			path = Models;
			sourceTree = "<group>";
		};
/* End PBXGroup section */

/* Begin PBXNativeTarget section */
		6FA954A02A22E68800E11275 /* DictionaryApp */ = {
			isa = PBXNativeTarget;
			buildConfigurationList = 6FA954B52A22E68800E11275 /* Build configuration list for PBXNativeTarget "DictionaryApp" */;
			buildPhases = (
				6FA9549D2A22E68800E11275 /* Sources */,
				6FA9549E2A22E68800E11275 /* Frameworks */,
				6FA9549F2A22E68800E11275 /* Resources */,
			);
			buildRules = (
			);
			dependencies = (
			);
			name = DictionaryApp;
			packageProductDependencies = (
				6FB0F9AC2A24C12000CDD3BA /* DictionaryAPI */,
				6FB0F9AE2A24C12400CDD3BA /* FilterSelector */,
				6FB0F9B02A24C12800CDD3BA /* GridLayout */,
				6F0A6CB62A27652400AFAFB8 /* KeyboardObserver */,
			);
			productName = DictionaryApp;
			productReference = 6FA954A12A22E68800E11275 /* DictionaryApp.app */;
			productType = "com.apple.product-type.application";
		};
/* End PBXNativeTarget section */

/* Begin PBXProject section */
		6FA954992A22E68800E11275 /* Project object */ = {
			isa = PBXProject;
			attributes = {
				BuildIndependentTargetsInParallel = 1;
				LastSwiftUpdateCheck = 1430;
				LastUpgradeCheck = 1430;
				TargetAttributes = {
					6FA954A02A22E68800E11275 = {
						CreatedOnToolsVersion = 14.3;
					};
				};
			};
			buildConfigurationList = 6FA9549C2A22E68800E11275 /* Build configuration list for PBXProject "DictionaryApp" */;
			compatibilityVersion = "Xcode 14.0";
			developmentRegion = en;
			hasScannedForEncodings = 0;
			knownRegions = (
				en,
				Base,
			);
			mainGroup = 6FA954982A22E68800E11275;
			productRefGroup = 6FA954A22A22E68800E11275 /* Products */;
			projectDirPath = "";
			projectRoot = "";
			targets = (
				6FA954A02A22E68800E11275 /* DictionaryApp */,
			);
		};
/* End PBXProject section */

/* Begin PBXResourcesBuildPhase section */
		6FA9549F2A22E68800E11275 /* Resources */ = {
			isa = PBXResourcesBuildPhase;
			buildActionMask = 2147483647;
			files = (
				6FA954B12A22E68800E11275 /* LaunchScreen.storyboard in Resources */,
				6FA954AE2A22E68800E11275 /* Assets.xcassets in Resources */,
				6FA954AC2A22E68800E11275 /* Main.storyboard in Resources */,
			);
			runOnlyForDeploymentPostprocessing = 0;
		};
/* End PBXResourcesBuildPhase section */

/* Begin PBXSourcesBuildPhase section */
		6FA9549D2A22E68800E11275 /* Sources */ = {
			isa = PBXSourcesBuildPhase;
			buildActionMask = 2147483647;
			files = (
				6FB0F9B82A24CA3900CDD3BA /* CoordinatorProtocol.swift in Sources */,
				6FB0F9BE2A24CCF300CDD3BA /* WordDetailViewController.swift in Sources */,
				6FB0F9CC2A25563800CDD3BA /* RecentSearchCellModel.swift in Sources */,
				6FB0F9E42A25F14600CDD3BA /* RecentSearch+CoreDataClass.swift in Sources */,
				6FB0F9CA2A25500300CDD3BA /* RecentSearchCell.swift in Sources */,
				6FB0F9A22A24B43500CDD3BA /* ApplicationConstants.swift in Sources */,
				6FB0F9C72A24F15700CDD3BA /* UIColor+Extension.swift in Sources */,
				6FB0F9BA2A24CC2C00CDD3BA /* HomeCoordinator.swift in Sources */,
				6FB0F9D72A25E4F800CDD3BA /* RecentSearchCoreModel.xcdatamodeld in Sources */,
				6FB0F9B32A24C85E00CDD3BA /* HomeViewModel.swift in Sources */,
				6FA954DA2A24797B00E11275 /* UIEdgeInsets+Extension.swift in Sources */,
				6FB0F9C02A24CCFD00CDD3BA /* WordDetailViewModel.swift in Sources */,
				6FA954A92A22E68800E11275 /* HomeViewController.swift in Sources */,
				6FA954A52A22E68800E11275 /* AppDelegate.swift in Sources */,
				6FA954A72A22E68800E11275 /* SceneDelegate.swift in Sources */,
				6FB0F9B62A24CA1400CDD3BA /* AppCoordinator.swift in Sources */,
			);
			runOnlyForDeploymentPostprocessing = 0;
		};
/* End PBXSourcesBuildPhase section */

/* Begin PBXVariantGroup section */
		6FA954AA2A22E68800E11275 /* Main.storyboard */ = {
			isa = PBXVariantGroup;
			children = (
				6FA954AB2A22E68800E11275 /* Base */,
			);
			name = Main.storyboard;
			sourceTree = "<group>";
		};
		6FA954AF2A22E68800E11275 /* LaunchScreen.storyboard */ = {
			isa = PBXVariantGroup;
			children = (
				6FA954B02A22E68800E11275 /* Base */,
			);
			name = LaunchScreen.storyboard;
			sourceTree = "<group>";
		};
/* End PBXVariantGroup section */

/* Begin XCBuildConfiguration section */
		6FA954B32A22E68800E11275 /* Debug */ = {
			isa = XCBuildConfiguration;
			buildSettings = {
				ALWAYS_SEARCH_USER_PATHS = NO;
				CLANG_ANALYZER_NONNULL = YES;
				CLANG_ANALYZER_NUMBER_OBJECT_CONVERSION = YES_AGGRESSIVE;
				CLANG_CXX_LANGUAGE_STANDARD = "gnu++20";
				CLANG_ENABLE_MODULES = YES;
				CLANG_ENABLE_OBJC_ARC = YES;
				CLANG_ENABLE_OBJC_WEAK = YES;
				CLANG_WARN_BLOCK_CAPTURE_AUTORELEASING = YES;
				CLANG_WARN_BOOL_CONVERSION = YES;
				CLANG_WARN_COMMA = YES;
				CLANG_WARN_CONSTANT_CONVERSION = YES;
				CLANG_WARN_DEPRECATED_OBJC_IMPLEMENTATIONS = YES;
				CLANG_WARN_DIRECT_OBJC_ISA_USAGE = YES_ERROR;
				CLANG_WARN_DOCUMENTATION_COMMENTS = YES;
				CLANG_WARN_EMPTY_BODY = YES;
				CLANG_WARN_ENUM_CONVERSION = YES;
				CLANG_WARN_INFINITE_RECURSION = YES;
				CLANG_WARN_INT_CONVERSION = YES;
				CLANG_WARN_NON_LITERAL_NULL_CONVERSION = YES;
				CLANG_WARN_OBJC_IMPLICIT_RETAIN_SELF = YES;
				CLANG_WARN_OBJC_LITERAL_CONVERSION = YES;
				CLANG_WARN_OBJC_ROOT_CLASS = YES_ERROR;
				CLANG_WARN_QUOTED_INCLUDE_IN_FRAMEWORK_HEADER = YES;
				CLANG_WARN_RANGE_LOOP_ANALYSIS = YES;
				CLANG_WARN_STRICT_PROTOTYPES = YES;
				CLANG_WARN_SUSPICIOUS_MOVE = YES;
				CLANG_WARN_UNGUARDED_AVAILABILITY = YES_AGGRESSIVE;
				CLANG_WARN_UNREACHABLE_CODE = YES;
				CLANG_WARN__DUPLICATE_METHOD_MATCH = YES;
				COPY_PHASE_STRIP = NO;
				DEBUG_INFORMATION_FORMAT = dwarf;
				ENABLE_STRICT_OBJC_MSGSEND = YES;
				ENABLE_TESTABILITY = YES;
				GCC_C_LANGUAGE_STANDARD = gnu11;
				GCC_DYNAMIC_NO_PIC = NO;
				GCC_NO_COMMON_BLOCKS = YES;
				GCC_OPTIMIZATION_LEVEL = 0;
				GCC_PREPROCESSOR_DEFINITIONS = (
					"DEBUG=1",
					"$(inherited)",
				);
				GCC_WARN_64_TO_32_BIT_CONVERSION = YES;
				GCC_WARN_ABOUT_RETURN_TYPE = YES_ERROR;
				GCC_WARN_UNDECLARED_SELECTOR = YES;
				GCC_WARN_UNINITIALIZED_AUTOS = YES_AGGRESSIVE;
				GCC_WARN_UNUSED_FUNCTION = YES;
				GCC_WARN_UNUSED_VARIABLE = YES;
				IPHONEOS_DEPLOYMENT_TARGET = 16.4;
				MTL_ENABLE_DEBUG_INFO = INCLUDE_SOURCE;
				MTL_FAST_MATH = YES;
				ONLY_ACTIVE_ARCH = YES;
				SDKROOT = iphoneos;
				SWIFT_ACTIVE_COMPILATION_CONDITIONS = DEBUG;
				SWIFT_OPTIMIZATION_LEVEL = "-Onone";
			};
			name = Debug;
		};
		6FA954B42A22E68800E11275 /* Release */ = {
			isa = XCBuildConfiguration;
			buildSettings = {
				ALWAYS_SEARCH_USER_PATHS = NO;
				CLANG_ANALYZER_NONNULL = YES;
				CLANG_ANALYZER_NUMBER_OBJECT_CONVERSION = YES_AGGRESSIVE;
				CLANG_CXX_LANGUAGE_STANDARD = "gnu++20";
				CLANG_ENABLE_MODULES = YES;
				CLANG_ENABLE_OBJC_ARC = YES;
				CLANG_ENABLE_OBJC_WEAK = YES;
				CLANG_WARN_BLOCK_CAPTURE_AUTORELEASING = YES;
				CLANG_WARN_BOOL_CONVERSION = YES;
				CLANG_WARN_COMMA = YES;
				CLANG_WARN_CONSTANT_CONVERSION = YES;
				CLANG_WARN_DEPRECATED_OBJC_IMPLEMENTATIONS = YES;
				CLANG_WARN_DIRECT_OBJC_ISA_USAGE = YES_ERROR;
				CLANG_WARN_DOCUMENTATION_COMMENTS = YES;
				CLANG_WARN_EMPTY_BODY = YES;
				CLANG_WARN_ENUM_CONVERSION = YES;
				CLANG_WARN_INFINITE_RECURSION = YES;
				CLANG_WARN_INT_CONVERSION = YES;
				CLANG_WARN_NON_LITERAL_NULL_CONVERSION = YES;
				CLANG_WARN_OBJC_IMPLICIT_RETAIN_SELF = YES;
				CLANG_WARN_OBJC_LITERAL_CONVERSION = YES;
				CLANG_WARN_OBJC_ROOT_CLASS = YES_ERROR;
				CLANG_WARN_QUOTED_INCLUDE_IN_FRAMEWORK_HEADER = YES;
				CLANG_WARN_RANGE_LOOP_ANALYSIS = YES;
				CLANG_WARN_STRICT_PROTOTYPES = YES;
				CLANG_WARN_SUSPICIOUS_MOVE = YES;
				CLANG_WARN_UNGUARDED_AVAILABILITY = YES_AGGRESSIVE;
				CLANG_WARN_UNREACHABLE_CODE = YES;
				CLANG_WARN__DUPLICATE_METHOD_MATCH = YES;
				COPY_PHASE_STRIP = NO;
				DEBUG_INFORMATION_FORMAT = "dwarf-with-dsym";
				ENABLE_NS_ASSERTIONS = NO;
				ENABLE_STRICT_OBJC_MSGSEND = YES;
				GCC_C_LANGUAGE_STANDARD = gnu11;
				GCC_NO_COMMON_BLOCKS = YES;
				GCC_WARN_64_TO_32_BIT_CONVERSION = YES;
				GCC_WARN_ABOUT_RETURN_TYPE = YES_ERROR;
				GCC_WARN_UNDECLARED_SELECTOR = YES;
				GCC_WARN_UNINITIALIZED_AUTOS = YES_AGGRESSIVE;
				GCC_WARN_UNUSED_FUNCTION = YES;
				GCC_WARN_UNUSED_VARIABLE = YES;
				IPHONEOS_DEPLOYMENT_TARGET = 16.4;
				MTL_ENABLE_DEBUG_INFO = NO;
				MTL_FAST_MATH = YES;
				SDKROOT = iphoneos;
				SWIFT_COMPILATION_MODE = wholemodule;
				SWIFT_OPTIMIZATION_LEVEL = "-O";
				VALIDATE_PRODUCT = YES;
			};
			name = Release;
		};
		6FA954B62A22E68800E11275 /* Debug */ = {
			isa = XCBuildConfiguration;
			buildSettings = {
				ASSETCATALOG_COMPILER_APPICON_NAME = AppIcon;
				ASSETCATALOG_COMPILER_GLOBAL_ACCENT_COLOR_NAME = AccentColor;
				CODE_SIGN_STYLE = Automatic;
				CURRENT_PROJECT_VERSION = 1;
				GENERATE_INFOPLIST_FILE = YES;
				INFOPLIST_FILE = DictionaryApp/Info.plist;
				INFOPLIST_KEY_UIApplicationSupportsIndirectInputEvents = YES;
				INFOPLIST_KEY_UILaunchStoryboardName = LaunchScreen.storyboard;
				INFOPLIST_KEY_UIMainStoryboardFile = Main;
				INFOPLIST_KEY_UISupportedInterfaceOrientations_iPad = "UIInterfaceOrientationPortrait UIInterfaceOrientationPortraitUpsideDown UIInterfaceOrientationLandscapeLeft UIInterfaceOrientationLandscapeRight";
				INFOPLIST_KEY_UISupportedInterfaceOrientations_iPhone = "UIInterfaceOrientationPortrait UIInterfaceOrientationLandscapeLeft UIInterfaceOrientationLandscapeRight";
				IPHONEOS_DEPLOYMENT_TARGET = 13.0;
				LD_RUNPATH_SEARCH_PATHS = (
					"$(inherited)",
					"@executable_path/Frameworks",
				);
				MARKETING_VERSION = 1.0;
				PRODUCT_BUNDLE_IDENTIFIER = com.mtk.DictionaryApp;
				PRODUCT_NAME = "$(TARGET_NAME)";
				SWIFT_EMIT_LOC_STRINGS = YES;
				SWIFT_VERSION = 5.0;
				TARGETED_DEVICE_FAMILY = "1,2";
			};
			name = Debug;
		};
		6FA954B72A22E68800E11275 /* Release */ = {
			isa = XCBuildConfiguration;
			buildSettings = {
				ASSETCATALOG_COMPILER_APPICON_NAME = AppIcon;
				ASSETCATALOG_COMPILER_GLOBAL_ACCENT_COLOR_NAME = AccentColor;
				CODE_SIGN_STYLE = Automatic;
				CURRENT_PROJECT_VERSION = 1;
				GENERATE_INFOPLIST_FILE = YES;
				INFOPLIST_FILE = DictionaryApp/Info.plist;
				INFOPLIST_KEY_UIApplicationSupportsIndirectInputEvents = YES;
				INFOPLIST_KEY_UILaunchStoryboardName = LaunchScreen.storyboard;
				INFOPLIST_KEY_UIMainStoryboardFile = Main;
				INFOPLIST_KEY_UISupportedInterfaceOrientations_iPad = "UIInterfaceOrientationPortrait UIInterfaceOrientationPortraitUpsideDown UIInterfaceOrientationLandscapeLeft UIInterfaceOrientationLandscapeRight";
				INFOPLIST_KEY_UISupportedInterfaceOrientations_iPhone = "UIInterfaceOrientationPortrait UIInterfaceOrientationLandscapeLeft UIInterfaceOrientationLandscapeRight";
				IPHONEOS_DEPLOYMENT_TARGET = 13.0;
				LD_RUNPATH_SEARCH_PATHS = (
					"$(inherited)",
					"@executable_path/Frameworks",
				);
				MARKETING_VERSION = 1.0;
				PRODUCT_BUNDLE_IDENTIFIER = com.mtk.DictionaryApp;
				PRODUCT_NAME = "$(TARGET_NAME)";
				SWIFT_EMIT_LOC_STRINGS = YES;
				SWIFT_VERSION = 5.0;
				TARGETED_DEVICE_FAMILY = "1,2";
			};
			name = Release;
		};
/* End XCBuildConfiguration section */

/* Begin XCConfigurationList section */
		6FA9549C2A22E68800E11275 /* Build configuration list for PBXProject "DictionaryApp" */ = {
			isa = XCConfigurationList;
			buildConfigurations = (
				6FA954B32A22E68800E11275 /* Debug */,
				6FA954B42A22E68800E11275 /* Release */,
			);
			defaultConfigurationIsVisible = 0;
			defaultConfigurationName = Release;
		};
		6FA954B52A22E68800E11275 /* Build configuration list for PBXNativeTarget "DictionaryApp" */ = {
			isa = XCConfigurationList;
			buildConfigurations = (
				6FA954B62A22E68800E11275 /* Debug */,
				6FA954B72A22E68800E11275 /* Release */,
			);
			defaultConfigurationIsVisible = 0;
			defaultConfigurationName = Release;
		};
/* End XCConfigurationList section */

/* Begin XCSwiftPackageProductDependency section */
		6F0A6CB62A27652400AFAFB8 /* KeyboardObserver */ = {
			isa = XCSwiftPackageProductDependency;
			productName = KeyboardObserver;
		};
		6FB0F9AC2A24C12000CDD3BA /* DictionaryAPI */ = {
			isa = XCSwiftPackageProductDependency;
			productName = DictionaryAPI;
		};
		6FB0F9AE2A24C12400CDD3BA /* FilterSelector */ = {
			isa = XCSwiftPackageProductDependency;
			productName = FilterSelector;
		};
		6FB0F9B02A24C12800CDD3BA /* GridLayout */ = {
			isa = XCSwiftPackageProductDependency;
			productName = GridLayout;
		};
/* End XCSwiftPackageProductDependency section */

/* Begin XCVersionGroup section */
		6FB0F9D52A25E4F800CDD3BA /* RecentSearchCoreModel.xcdatamodeld */ = {
			isa = XCVersionGroup;
			children = (
				6FB0F9D62A25E4F800CDD3BA /* RecentSearchCoreModel.xcdatamodel */,
			);
			currentVersion = 6FB0F9D62A25E4F800CDD3BA /* RecentSearchCoreModel.xcdatamodel */;
			path = RecentSearchCoreModel.xcdatamodeld;
			sourceTree = "<group>";
			versionGroupType = wrapper.xcdatamodel;
		};
/* End XCVersionGroup section */
	};
	rootObject = 6FA954992A22E68800E11275 /* Project object */;
}
